// !$*UTF8*$!
{
	archiveVersion = 1;
	classes = {
	};
	objectVersion = 56;
	objects = {

/* Begin PBXBuildFile section */
		850A2DFC2B8A0AC500B55076 /* TaskManagerApp.swift in Sources */ = {isa = PBXBuildFile; fileRef = 850A2DFB2B8A0AC500B55076 /* TaskManagerApp.swift */; };
		850A2DFE2B8A0AC500B55076 /* ContentView.swift in Sources */ = {isa = PBXBuildFile; fileRef = 850A2DFD2B8A0AC500B55076 /* ContentView.swift */; };
		850A2E002B8A0AC600B55076 /* Assets.xcassets in Resources */ = {isa = PBXBuildFile; fileRef = 850A2DFF2B8A0AC600B55076 /* Assets.xcassets */; };
		850A2E032B8A0AC600B55076 /* Preview Assets.xcassets in Resources */ = {isa = PBXBuildFile; fileRef = 850A2E022B8A0AC600B55076 /* Preview Assets.xcassets */; };
		850A2E0E2B8A0AC600B55076 /* TaskManagerTests.swift in Sources */ = {isa = PBXBuildFile; fileRef = 850A2E0D2B8A0AC600B55076 /* TaskManagerTests.swift */; };
		850A2E182B8A0AC600B55076 /* TaskManagerUITests.swift in Sources */ = {isa = PBXBuildFile; fileRef = 850A2E172B8A0AC600B55076 /* TaskManagerUITests.swift */; };
		850A2E1A2B8A0AC600B55076 /* TaskManagerUITestsLaunchTests.swift in Sources */ = {isa = PBXBuildFile; fileRef = 850A2E192B8A0AC600B55076 /* TaskManagerUITestsLaunchTests.swift */; };
		850A2E282B8A0B9800B55076 /* Task.swift in Sources */ = {isa = PBXBuildFile; fileRef = 850A2E272B8A0B9800B55076 /* Task.swift */; };
		850A2E2A2B8A0DDD00B55076 /* TaskGroup.swift in Sources */ = {isa = PBXBuildFile; fileRef = 850A2E292B8A0DDD00B55076 /* TaskGroup.swift */; };
		850A2E2C2B8A0F4400B55076 /* TaskSection.swift in Sources */ = {isa = PBXBuildFile; fileRef = 850A2E2B2B8A0F4300B55076 /* TaskSection.swift */; };
		850A2E302B8A1FF500B55076 /* SidebarView.swift in Sources */ = {isa = PBXBuildFile; fileRef = 850A2E2F2B8A1FF500B55076 /* SidebarView.swift */; };
		850A2E322B8A201500B55076 /* TaskListView.swift in Sources */ = {isa = PBXBuildFile; fileRef = 850A2E312B8A201500B55076 /* TaskListView.swift */; };
/* End PBXBuildFile section */

/* Begin PBXContainerItemProxy section */
		850A2E0A2B8A0AC600B55076 /* PBXContainerItemProxy */ = {
			isa = PBXContainerItemProxy;
			containerPortal = 850A2DF02B8A0AC500B55076 /* Project object */;
			proxyType = 1;
			remoteGlobalIDString = 850A2DF72B8A0AC500B55076;
			remoteInfo = TaskManager;
		};
		850A2E142B8A0AC600B55076 /* PBXContainerItemProxy */ = {
			isa = PBXContainerItemProxy;
			containerPortal = 850A2DF02B8A0AC500B55076 /* Project object */;
			proxyType = 1;
			remoteGlobalIDString = 850A2DF72B8A0AC500B55076;
			remoteInfo = TaskManager;
		};
/* End PBXContainerItemProxy section */

/* Begin PBXFileReference section */
		850A2DF82B8A0AC500B55076 /* TaskManager.app */ = {isa = PBXFileReference; explicitFileType = wrapper.application; includeInIndex = 0; path = TaskManager.app; sourceTree = BUILT_PRODUCTS_DIR; };
		850A2DFB2B8A0AC500B55076 /* TaskManagerApp.swift */ = {isa = PBXFileReference; lastKnownFileType = sourcecode.swift; path = TaskManagerApp.swift; sourceTree = "<group>"; };
		850A2DFD2B8A0AC500B55076 /* ContentView.swift */ = {isa = PBXFileReference; lastKnownFileType = sourcecode.swift; path = ContentView.swift; sourceTree = "<group>"; };
		850A2DFF2B8A0AC600B55076 /* Assets.xcassets */ = {isa = PBXFileReference; lastKnownFileType = folder.assetcatalog; path = Assets.xcassets; sourceTree = "<group>"; };
		850A2E022B8A0AC600B55076 /* Preview Assets.xcassets */ = {isa = PBXFileReference; lastKnownFileType = folder.assetcatalog; path = "Preview Assets.xcassets"; sourceTree = "<group>"; };
		850A2E042B8A0AC600B55076 /* TaskManager.entitlements */ = {isa = PBXFileReference; lastKnownFileType = text.plist.entitlements; path = TaskManager.entitlements; sourceTree = "<group>"; };
		850A2E092B8A0AC600B55076 /* TaskManagerTests.xctest */ = {isa = PBXFileReference; explicitFileType = wrapper.cfbundle; includeInIndex = 0; path = TaskManagerTests.xctest; sourceTree = BUILT_PRODUCTS_DIR; };
		850A2E0D2B8A0AC600B55076 /* TaskManagerTests.swift */ = {isa = PBXFileReference; lastKnownFileType = sourcecode.swift; path = TaskManagerTests.swift; sourceTree = "<group>"; };
		850A2E132B8A0AC600B55076 /* TaskManagerUITests.xctest */ = {isa = PBXFileReference; explicitFileType = wrapper.cfbundle; includeInIndex = 0; path = TaskManagerUITests.xctest; sourceTree = BUILT_PRODUCTS_DIR; };
		850A2E172B8A0AC600B55076 /* TaskManagerUITests.swift */ = {isa = PBXFileReference; lastKnownFileType = sourcecode.swift; path = TaskManagerUITests.swift; sourceTree = "<group>"; };
		850A2E192B8A0AC600B55076 /* TaskManagerUITestsLaunchTests.swift */ = {isa = PBXFileReference; lastKnownFileType = sourcecode.swift; path = TaskManagerUITestsLaunchTests.swift; sourceTree = "<group>"; };
		850A2E272B8A0B9800B55076 /* Task.swift */ = {isa = PBXFileReference; lastKnownFileType = sourcecode.swift; path = Task.swift; sourceTree = "<group>"; };
		850A2E292B8A0DDD00B55076 /* TaskGroup.swift */ = {isa = PBXFileReference; lastKnownFileType = sourcecode.swift; path = TaskGroup.swift; sourceTree = "<group>"; };
		850A2E2B2B8A0F4300B55076 /* TaskSection.swift */ = {isa = PBXFileReference; lastKnownFileType = sourcecode.swift; path = TaskSection.swift; sourceTree = "<group>"; };
		850A2E2F2B8A1FF500B55076 /* SidebarView.swift */ = {isa = PBXFileReference; lastKnownFileType = sourcecode.swift; path = SidebarView.swift; sourceTree = "<group>"; };
		850A2E312B8A201500B55076 /* TaskListView.swift */ = {isa = PBXFileReference; lastKnownFileType = sourcecode.swift; path = TaskListView.swift; sourceTree = "<group>"; };
/* End PBXFileReference section */

/* Begin PBXFrameworksBuildPhase section */
		850A2DF52B8A0AC500B55076 /* Frameworks */ = {
			isa = PBXFrameworksBuildPhase;
			buildActionMask = 2147483647;
			files = (
			);
			runOnlyForDeploymentPostprocessing = 0;
		};
		850A2E062B8A0AC600B55076 /* Frameworks */ = {
			isa = PBXFrameworksBuildPhase;
			buildActionMask = 2147483647;
			files = (
			);
			runOnlyForDeploymentPostprocessing = 0;
		};
		850A2E102B8A0AC600B55076 /* Frameworks */ = {
			isa = PBXFrameworksBuildPhase;
			buildActionMask = 2147483647;
			files = (
			);
			runOnlyForDeploymentPostprocessing = 0;
		};
/* End PBXFrameworksBuildPhase section */

/* Begin PBXGroup section */
		850A2DEF2B8A0AC500B55076 = {
			isa = PBXGroup;
			children = (
				850A2DFA2B8A0AC500B55076 /* TaskManager */,
				850A2E0C2B8A0AC600B55076 /* TaskManagerTests */,
				850A2E162B8A0AC600B55076 /* TaskManagerUITests */,
				850A2DF92B8A0AC500B55076 /* Products */,
			);
			sourceTree = "<group>";
		};
		850A2DF92B8A0AC500B55076 /* Products */ = {
			isa = PBXGroup;
			children = (
				850A2DF82B8A0AC500B55076 /* TaskManager.app */,
				850A2E092B8A0AC600B55076 /* TaskManagerTests.xctest */,
				850A2E132B8A0AC600B55076 /* TaskManagerUITests.xctest */,
			);
			name = Products;
			sourceTree = "<group>";
		};
		850A2DFA2B8A0AC500B55076 /* TaskManager */ = {
			isa = PBXGroup;
			children = (
				850A2DFB2B8A0AC500B55076 /* TaskManagerApp.swift */,
				850A2E262B8A0B7E00B55076 /* Model */,
				850A2DFD2B8A0AC500B55076 /* ContentView.swift */,
				850A2DFF2B8A0AC600B55076 /* Assets.xcassets */,
				850A2E042B8A0AC600B55076 /* TaskManager.entitlements */,
				850A2E012B8A0AC600B55076 /* Preview Content */,
				850A2E2F2B8A1FF500B55076 /* SidebarView.swift */,
				850A2E312B8A201500B55076 /* TaskListView.swift */,
			);
			path = TaskManager;
			sourceTree = "<group>";
		};
		850A2E012B8A0AC600B55076 /* Preview Content */ = {
			isa = PBXGroup;
			children = (
				850A2E022B8A0AC600B55076 /* Preview Assets.xcassets */,
			);
			path = "Preview Content";
			sourceTree = "<group>";
		};
		850A2E0C2B8A0AC600B55076 /* TaskManagerTests */ = {
			isa = PBXGroup;
			children = (
				850A2E0D2B8A0AC600B55076 /* TaskManagerTests.swift */,
			);
			path = TaskManagerTests;
			sourceTree = "<group>";
		};
		850A2E162B8A0AC600B55076 /* TaskManagerUITests */ = {
			isa = PBXGroup;
			children = (
				850A2E172B8A0AC600B55076 /* TaskManagerUITests.swift */,
				850A2E192B8A0AC600B55076 /* TaskManagerUITestsLaunchTests.swift */,
			);
			path = TaskManagerUITests;
			sourceTree = "<group>";
		};
		850A2E262B8A0B7E00B55076 /* Model */ = {
			isa = PBXGroup;
			children = (
				850A2E272B8A0B9800B55076 /* Task.swift */,
				850A2E292B8A0DDD00B55076 /* TaskGroup.swift */,
				850A2E2B2B8A0F4300B55076 /* TaskSection.swift */,
			);
			path = Model;
			sourceTree = "<group>";
		};
/* End PBXGroup section */

/* Begin PBXNativeTarget section */
		850A2DF72B8A0AC500B55076 /* TaskManager */ = {
			isa = PBXNativeTarget;
			buildConfigurationList = 850A2E1D2B8A0AC600B55076 /* Build configuration list for PBXNativeTarget "TaskManager" */;
			buildPhases = (
				850A2DF42B8A0AC500B55076 /* Sources */,
				850A2DF52B8A0AC500B55076 /* Frameworks */,
				850A2DF62B8A0AC500B55076 /* Resources */,
			);
			buildRules = (
			);
			dependencies = (
			);
			name = TaskManager;
			productName = TaskManager;
			productReference = 850A2DF82B8A0AC500B55076 /* TaskManager.app */;
			productType = "com.apple.product-type.application";
		};
		850A2E082B8A0AC600B55076 /* TaskManagerTests */ = {
			isa = PBXNativeTarget;
			buildConfigurationList = 850A2E202B8A0AC600B55076 /* Build configuration list for PBXNativeTarget "TaskManagerTests" */;
			buildPhases = (
				850A2E052B8A0AC600B55076 /* Sources */,
				850A2E062B8A0AC600B55076 /* Frameworks */,
				850A2E072B8A0AC600B55076 /* Resources */,
			);
			buildRules = (
			);
			dependencies = (
				850A2E0B2B8A0AC600B55076 /* PBXTargetDependency */,
			);
			name = TaskManagerTests;
			productName = TaskManagerTests;
			productReference = 850A2E092B8A0AC600B55076 /* TaskManagerTests.xctest */;
			productType = "com.apple.product-type.bundle.unit-test";
		};
		850A2E122B8A0AC600B55076 /* TaskManagerUITests */ = {
			isa = PBXNativeTarget;
			buildConfigurationList = 850A2E232B8A0AC600B55076 /* Build configuration list for PBXNativeTarget "TaskManagerUITests" */;
			buildPhases = (
				850A2E0F2B8A0AC600B55076 /* Sources */,
				850A2E102B8A0AC600B55076 /* Frameworks */,
				850A2E112B8A0AC600B55076 /* Resources */,
			);
			buildRules = (
			);
			dependencies = (
				850A2E152B8A0AC600B55076 /* PBXTargetDependency */,
			);
			name = TaskManagerUITests;
			productName = TaskManagerUITests;
			productReference = 850A2E132B8A0AC600B55076 /* TaskManagerUITests.xctest */;
			productType = "com.apple.product-type.bundle.ui-testing";
		};
/* End PBXNativeTarget section */

/* Begin PBXProject section */
		850A2DF02B8A0AC500B55076 /* Project object */ = {
			isa = PBXProject;
			attributes = {
				BuildIndependentTargetsInParallel = 1;
				LastSwiftUpdateCheck = 1520;
				LastUpgradeCheck = 1520;
				TargetAttributes = {
					850A2DF72B8A0AC500B55076 = {
						CreatedOnToolsVersion = 15.2;
					};
					850A2E082B8A0AC600B55076 = {
						CreatedOnToolsVersion = 15.2;
						TestTargetID = 850A2DF72B8A0AC500B55076;
					};
					850A2E122B8A0AC600B55076 = {
						CreatedOnToolsVersion = 15.2;
						TestTargetID = 850A2DF72B8A0AC500B55076;
					};
				};
			};
			buildConfigurationList = 850A2DF32B8A0AC500B55076 /* Build configuration list for PBXProject "TaskManager" */;
			compatibilityVersion = "Xcode 14.0";
			developmentRegion = en;
			hasScannedForEncodings = 0;
			knownRegions = (
				en,
				Base,
			);
			mainGroup = 850A2DEF2B8A0AC500B55076;
			productRefGroup = 850A2DF92B8A0AC500B55076 /* Products */;
			projectDirPath = "";
			projectRoot = "";
			targets = (
				850A2DF72B8A0AC500B55076 /* TaskManager */,
				850A2E082B8A0AC600B55076 /* TaskManagerTests */,
				850A2E122B8A0AC600B55076 /* TaskManagerUITests */,
			);
		};
/* End PBXProject section */

/* Begin PBXResourcesBuildPhase section */
		850A2DF62B8A0AC500B55076 /* Resources */ = {
			isa = PBXResourcesBuildPhase;
			buildActionMask = 2147483647;
			files = (
				850A2E032B8A0AC600B55076 /* Preview Assets.xcassets in Resources */,
				850A2E002B8A0AC600B55076 /* Assets.xcassets in Resources */,
			);
			runOnlyForDeploymentPostprocessing = 0;
		};
		850A2E072B8A0AC600B55076 /* Resources */ = {
			isa = PBXResourcesBuildPhase;
			buildActionMask = 2147483647;
			files = (
			);
			runOnlyForDeploymentPostprocessing = 0;
		};
		850A2E112B8A0AC600B55076 /* Resources */ = {
			isa = PBXResourcesBuildPhase;
			buildActionMask = 2147483647;
			files = (
			);
			runOnlyForDeploymentPostprocessing = 0;
		};
/* End PBXResourcesBuildPhase section */

/* Begin PBXSourcesBuildPhase section */
		850A2DF42B8A0AC500B55076 /* Sources */ = {
			isa = PBXSourcesBuildPhase;
			buildActionMask = 2147483647;
			files = (
				850A2E322B8A201500B55076 /* TaskListView.swift in Sources */,
				850A2DFE2B8A0AC500B55076 /* ContentView.swift in Sources */,
				850A2E282B8A0B9800B55076 /* Task.swift in Sources */,
				850A2E2C2B8A0F4400B55076 /* TaskSection.swift in Sources */,
				850A2E2A2B8A0DDD00B55076 /* TaskGroup.swift in Sources */,
				850A2DFC2B8A0AC500B55076 /* TaskManagerApp.swift in Sources */,
				850A2E302B8A1FF500B55076 /* SidebarView.swift in Sources */,
			);
			runOnlyForDeploymentPostprocessing = 0;
		};
		850A2E052B8A0AC600B55076 /* Sources */ = {
			isa = PBXSourcesBuildPhase;
			buildActionMask = 2147483647;
			files = (
				850A2E0E2B8A0AC600B55076 /* TaskManagerTests.swift in Sources */,
			);
			runOnlyForDeploymentPostprocessing = 0;
		};
		850A2E0F2B8A0AC600B55076 /* Sources */ = {
			isa = PBXSourcesBuildPhase;
			buildActionMask = 2147483647;
			files = (
				850A2E182B8A0AC600B55076 /* TaskManagerUITests.swift in Sources */,
				850A2E1A2B8A0AC600B55076 /* TaskManagerUITestsLaunchTests.swift in Sources */,
			);
			runOnlyForDeploymentPostprocessing = 0;
		};
/* End PBXSourcesBuildPhase section */

/* Begin PBXTargetDependency section */
		850A2E0B2B8A0AC600B55076 /* PBXTargetDependency */ = {
			isa = PBXTargetDependency;
			target = 850A2DF72B8A0AC500B55076 /* TaskManager */;
			targetProxy = 850A2E0A2B8A0AC600B55076 /* PBXContainerItemProxy */;
		};
		850A2E152B8A0AC600B55076 /* PBXTargetDependency */ = {
			isa = PBXTargetDependency;
			target = 850A2DF72B8A0AC500B55076 /* TaskManager */;
			targetProxy = 850A2E142B8A0AC600B55076 /* PBXContainerItemProxy */;
		};
/* End PBXTargetDependency section */

/* Begin XCBuildConfiguration section */
		850A2E1B2B8A0AC600B55076 /* Debug */ = {
			isa = XCBuildConfiguration;
			buildSettings = {
				ALWAYS_SEARCH_USER_PATHS = NO;
				ASSETCATALOG_COMPILER_GENERATE_SWIFT_ASSET_SYMBOL_EXTENSIONS = YES;
				CLANG_ANALYZER_NONNULL = YES;
				CLANG_ANALYZER_NUMBER_OBJECT_CONVERSION = YES_AGGRESSIVE;
				CLANG_CXX_LANGUAGE_STANDARD = "gnu++20";
				CLANG_ENABLE_MODULES = YES;
				CLANG_ENABLE_OBJC_ARC = YES;
				CLANG_ENABLE_OBJC_WEAK = YES;
				CLANG_WARN_BLOCK_CAPTURE_AUTORELEASING = YES;
				CLANG_WARN_BOOL_CONVERSION = YES;
				CLANG_WARN_COMMA = YES;
				CLANG_WARN_CONSTANT_CONVERSION = YES;
				CLANG_WARN_DEPRECATED_OBJC_IMPLEMENTATIONS = YES;
				CLANG_WARN_DIRECT_OBJC_ISA_USAGE = YES_ERROR;
				CLANG_WARN_DOCUMENTATION_COMMENTS = YES;
				CLANG_WARN_EMPTY_BODY = YES;
				CLANG_WARN_ENUM_CONVERSION = YES;
				CLANG_WARN_INFINITE_RECURSION = YES;
				CLANG_WARN_INT_CONVERSION = YES;
				CLANG_WARN_NON_LITERAL_NULL_CONVERSION = YES;
				CLANG_WARN_OBJC_IMPLICIT_RETAIN_SELF = YES;
				CLANG_WARN_OBJC_LITERAL_CONVERSION = YES;
				CLANG_WARN_OBJC_ROOT_CLASS = YES_ERROR;
				CLANG_WARN_QUOTED_INCLUDE_IN_FRAMEWORK_HEADER = YES;
				CLANG_WARN_RANGE_LOOP_ANALYSIS = YES;
				CLANG_WARN_STRICT_PROTOTYPES = YES;
				CLANG_WARN_SUSPICIOUS_MOVE = YES;
				CLANG_WARN_UNGUARDED_AVAILABILITY = YES_AGGRESSIVE;
				CLANG_WARN_UNREACHABLE_CODE = YES;
				CLANG_WARN__DUPLICATE_METHOD_MATCH = YES;
				COPY_PHASE_STRIP = NO;
				DEBUG_INFORMATION_FORMAT = dwarf;
				ENABLE_STRICT_OBJC_MSGSEND = YES;
				ENABLE_TESTABILITY = YES;
				ENABLE_USER_SCRIPT_SANDBOXING = YES;
				GCC_C_LANGUAGE_STANDARD = gnu17;
				GCC_DYNAMIC_NO_PIC = NO;
				GCC_NO_COMMON_BLOCKS = YES;
				GCC_OPTIMIZATION_LEVEL = 0;
				GCC_PREPROCESSOR_DEFINITIONS = (
					"DEBUG=1",
					"$(inherited)",
				);
				GCC_WARN_64_TO_32_BIT_CONVERSION = YES;
				GCC_WARN_ABOUT_RETURN_TYPE = YES_ERROR;
				GCC_WARN_UNDECLARED_SELECTOR = YES;
				GCC_WARN_UNINITIALIZED_AUTOS = YES_AGGRESSIVE;
				GCC_WARN_UNUSED_FUNCTION = YES;
				GCC_WARN_UNUSED_VARIABLE = YES;
				LOCALIZATION_PREFERS_STRING_CATALOGS = YES;
				MACOSX_DEPLOYMENT_TARGET = 14.2;
				MTL_ENABLE_DEBUG_INFO = INCLUDE_SOURCE;
				MTL_FAST_MATH = YES;
				ONLY_ACTIVE_ARCH = YES;
				SDKROOT = macosx;
				SWIFT_ACTIVE_COMPILATION_CONDITIONS = "DEBUG $(inherited)";
				SWIFT_OPTIMIZATION_LEVEL = "-Onone";
			};
			name = Debug;
		};
		850A2E1C2B8A0AC600B55076 /* Release */ = {
			isa = XCBuildConfiguration;
			buildSettings = {
				ALWAYS_SEARCH_USER_PATHS = NO;
				ASSETCATALOG_COMPILER_GENERATE_SWIFT_ASSET_SYMBOL_EXTENSIONS = YES;
				CLANG_ANALYZER_NONNULL = YES;
				CLANG_ANALYZER_NUMBER_OBJECT_CONVERSION = YES_AGGRESSIVE;
				CLANG_CXX_LANGUAGE_STANDARD = "gnu++20";
				CLANG_ENABLE_MODULES = YES;
				CLANG_ENABLE_OBJC_ARC = YES;
				CLANG_ENABLE_OBJC_WEAK = YES;
				CLANG_WARN_BLOCK_CAPTURE_AUTORELEASING = YES;
				CLANG_WARN_BOOL_CONVERSION = YES;
				CLANG_WARN_COMMA = YES;
				CLANG_WARN_CONSTANT_CONVERSION = YES;
				CLANG_WARN_DEPRECATED_OBJC_IMPLEMENTATIONS = YES;
				CLANG_WARN_DIRECT_OBJC_ISA_USAGE = YES_ERROR;
				CLANG_WARN_DOCUMENTATION_COMMENTS = YES;
				CLANG_WARN_EMPTY_BODY = YES;
				CLANG_WARN_ENUM_CONVERSION = YES;
				CLANG_WARN_INFINITE_RECURSION = YES;
				CLANG_WARN_INT_CONVERSION = YES;
				CLANG_WARN_NON_LITERAL_NULL_CONVERSION = YES;
				CLANG_WARN_OBJC_IMPLICIT_RETAIN_SELF = YES;
				CLANG_WARN_OBJC_LITERAL_CONVERSION = YES;
				CLANG_WARN_OBJC_ROOT_CLASS = YES_ERROR;
				CLANG_WARN_QUOTED_INCLUDE_IN_FRAMEWORK_HEADER = YES;
				CLANG_WARN_RANGE_LOOP_ANALYSIS = YES;
				CLANG_WARN_STRICT_PROTOTYPES = YES;
				CLANG_WARN_SUSPICIOUS_MOVE = YES;
				CLANG_WARN_UNGUARDED_AVAILABILITY = YES_AGGRESSIVE;
				CLANG_WARN_UNREACHABLE_CODE = YES;
				CLANG_WARN__DUPLICATE_METHOD_MATCH = YES;
				COPY_PHASE_STRIP = NO;
				DEBUG_INFORMATION_FORMAT = "dwarf-with-dsym";
				ENABLE_NS_ASSERTIONS = NO;
				ENABLE_STRICT_OBJC_MSGSEND = YES;
				ENABLE_USER_SCRIPT_SANDBOXING = YES;
				GCC_C_LANGUAGE_STANDARD = gnu17;
				GCC_NO_COMMON_BLOCKS = YES;
				GCC_WARN_64_TO_32_BIT_CONVERSION = YES;
				GCC_WARN_ABOUT_RETURN_TYPE = YES_ERROR;
				GCC_WARN_UNDECLARED_SELECTOR = YES;
				GCC_WARN_UNINITIALIZED_AUTOS = YES_AGGRESSIVE;
				GCC_WARN_UNUSED_FUNCTION = YES;
				GCC_WARN_UNUSED_VARIABLE = YES;
				LOCALIZATION_PREFERS_STRING_CATALOGS = YES;
				MACOSX_DEPLOYMENT_TARGET = 14.2;
				MTL_ENABLE_DEBUG_INFO = NO;
				MTL_FAST_MATH = YES;
				SDKROOT = macosx;
				SWIFT_COMPILATION_MODE = wholemodule;
			};
			name = Release;
		};
		850A2E1E2B8A0AC600B55076 /* Debug */ = {
			isa = XCBuildConfiguration;
			buildSettings = {
				ASSETCATALOG_COMPILER_APPICON_NAME = AppIcon;
				ASSETCATALOG_COMPILER_GLOBAL_ACCENT_COLOR_NAME = AccentColor;
				CODE_SIGN_ENTITLEMENTS = TaskManager/TaskManager.entitlements;
				CODE_SIGN_STYLE = Automatic;
				COMBINE_HIDPI_IMAGES = YES;
				CURRENT_PROJECT_VERSION = 1;
				DEVELOPMENT_ASSET_PATHS = "\"TaskManager/Preview Content\"";
				DEVELOPMENT_TEAM = Y2NF3B2C3V;
				ENABLE_HARDENED_RUNTIME = YES;
				ENABLE_PREVIEWS = YES;
				GENERATE_INFOPLIST_FILE = YES;
				INFOPLIST_KEY_NSHumanReadableCopyright = "";
				LD_RUNPATH_SEARCH_PATHS = (
					"$(inherited)",
					"@executable_path/../Frameworks",
				);
				MARKETING_VERSION = 1.0;
				PRODUCT_BUNDLE_IDENTIFIER = de.frankmathy.TaskManager;
				PRODUCT_NAME = "$(TARGET_NAME)";
				SWIFT_EMIT_LOC_STRINGS = YES;
				SWIFT_VERSION = 5.0;
			};
			name = Debug;
		};
		850A2E1F2B8A0AC600B55076 /* Release */ = {
			isa = XCBuildConfiguration;
			buildSettings = {
				ASSETCATALOG_COMPILER_APPICON_NAME = AppIcon;
				ASSETCATALOG_COMPILER_GLOBAL_ACCENT_COLOR_NAME = AccentColor;
				CODE_SIGN_ENTITLEMENTS = TaskManager/TaskManager.entitlements;
				CODE_SIGN_STYLE = Automatic;
				COMBINE_HIDPI_IMAGES = YES;
				CURRENT_PROJECT_VERSION = 1;
				DEVELOPMENT_ASSET_PATHS = "\"TaskManager/Preview Content\"";
				DEVELOPMENT_TEAM = Y2NF3B2C3V;
				ENABLE_HARDENED_RUNTIME = YES;
				ENABLE_PREVIEWS = YES;
				GENERATE_INFOPLIST_FILE = YES;
				INFOPLIST_KEY_NSHumanReadableCopyright = "";
				LD_RUNPATH_SEARCH_PATHS = (
					"$(inherited)",
					"@executable_path/../Frameworks",
				);
				MARKETING_VERSION = 1.0;
				PRODUCT_BUNDLE_IDENTIFIER = de.frankmathy.TaskManager;
				PRODUCT_NAME = "$(TARGET_NAME)";
				SWIFT_EMIT_LOC_STRINGS = YES;
				SWIFT_VERSION = 5.0;
			};
			name = Release;
		};
		850A2E212B8A0AC600B55076 /* Debug */ = {
			isa = XCBuildConfiguration;
			buildSettings = {
				ALWAYS_EMBED_SWIFT_STANDARD_LIBRARIES = YES;
				BUNDLE_LOADER = "$(TEST_HOST)";
				CODE_SIGN_STYLE = Automatic;
				CURRENT_PROJECT_VERSION = 1;
				DEVELOPMENT_TEAM = Y2NF3B2C3V;
				GENERATE_INFOPLIST_FILE = YES;
				MACOSX_DEPLOYMENT_TARGET = 14.2;
				MARKETING_VERSION = 1.0;
				PRODUCT_BUNDLE_IDENTIFIER = de.frankmathy.TaskManagerTests;
				PRODUCT_NAME = "$(TARGET_NAME)";
				SWIFT_EMIT_LOC_STRINGS = NO;
				SWIFT_VERSION = 5.0;
				TEST_HOST = "$(BUILT_PRODUCTS_DIR)/TaskManager.app/$(BUNDLE_EXECUTABLE_FOLDER_PATH)/TaskManager";
			};
			name = Debug;
		};
		850A2E222B8A0AC600B55076 /* Release */ = {
			isa = XCBuildConfiguration;
			buildSettings = {
				ALWAYS_EMBED_SWIFT_STANDARD_LIBRARIES = YES;
				BUNDLE_LOADER = "$(TEST_HOST)";
				CODE_SIGN_STYLE = Automatic;
				CURRENT_PROJECT_VERSION = 1;
				DEVELOPMENT_TEAM = Y2NF3B2C3V;
				GENERATE_INFOPLIST_FILE = YES;
				MACOSX_DEPLOYMENT_TARGET = 14.2;
				MARKETING_VERSION = 1.0;
				PRODUCT_BUNDLE_IDENTIFIER = de.frankmathy.TaskManagerTests;
				PRODUCT_NAME = "$(TARGET_NAME)";
				SWIFT_EMIT_LOC_STRINGS = NO;
				SWIFT_VERSION = 5.0;
				TEST_HOST = "$(BUILT_PRODUCTS_DIR)/TaskManager.app/$(BUNDLE_EXECUTABLE_FOLDER_PATH)/TaskManager";
			};
			name = Release;
		};
		850A2E242B8A0AC600B55076 /* Debug */ = {
			isa = XCBuildConfiguration;
			buildSettings = {
				ALWAYS_EMBED_SWIFT_STANDARD_LIBRARIES = YES;
				CODE_SIGN_STYLE = Automatic;
				CURRENT_PROJECT_VERSION = 1;
				DEVELOPMENT_TEAM = Y2NF3B2C3V;
				GENERATE_INFOPLIST_FILE = YES;
				MARKETING_VERSION = 1.0;
				PRODUCT_BUNDLE_IDENTIFIER = de.frankmathy.TaskManagerUITests;
				PRODUCT_NAME = "$(TARGET_NAME)";
				SWIFT_EMIT_LOC_STRINGS = NO;
				SWIFT_VERSION = 5.0;
				TEST_TARGET_NAME = TaskManager;
			};
			name = Debug;
		};
		850A2E252B8A0AC600B55076 /* Release */ = {
			isa = XCBuildConfiguration;
			buildSettings = {
				ALWAYS_EMBED_SWIFT_STANDARD_LIBRARIES = YES;
				CODE_SIGN_STYLE = Automatic;
				CURRENT_PROJECT_VERSION = 1;
				DEVELOPMENT_TEAM = Y2NF3B2C3V;
				GENERATE_INFOPLIST_FILE = YES;
				MARKETING_VERSION = 1.0;
				PRODUCT_BUNDLE_IDENTIFIER = de.frankmathy.TaskManagerUITests;
				PRODUCT_NAME = "$(TARGET_NAME)";
				SWIFT_EMIT_LOC_STRINGS = NO;
				SWIFT_VERSION = 5.0;
				TEST_TARGET_NAME = TaskManager;
			};
			name = Release;
		};
/* End XCBuildConfiguration section */

/* Begin XCConfigurationList section */
		850A2DF32B8A0AC500B55076 /* Build configuration list for PBXProject "TaskManager" */ = {
			isa = XCConfigurationList;
			buildConfigurations = (
				850A2E1B2B8A0AC600B55076 /* Debug */,
				850A2E1C2B8A0AC600B55076 /* Release */,
			);
			defaultConfigurationIsVisible = 0;
			defaultConfigurationName = Release;
		};
		850A2E1D2B8A0AC600B55076 /* Build configuration list for PBXNativeTarget "TaskManager" */ = {
			isa = XCConfigurationList;
			buildConfigurations = (
				850A2E1E2B8A0AC600B55076 /* Debug */,
				850A2E1F2B8A0AC600B55076 /* Release */,
			);
			defaultConfigurationIsVisible = 0;
			defaultConfigurationName = Release;
		};
		850A2E202B8A0AC600B55076 /* Build configuration list for PBXNativeTarget "TaskManagerTests" */ = {
			isa = XCConfigurationList;
			buildConfigurations = (
				850A2E212B8A0AC600B55076 /* Debug */,
				850A2E222B8A0AC600B55076 /* Release */,
			);
			defaultConfigurationIsVisible = 0;
			defaultConfigurationName = Release;
		};
		850A2E232B8A0AC600B55076 /* Build configuration list for PBXNativeTarget "TaskManagerUITests" */ = {
			isa = XCConfigurationList;
			buildConfigurations = (
				850A2E242B8A0AC600B55076 /* Debug */,
				850A2E252B8A0AC600B55076 /* Release */,
			);
			defaultConfigurationIsVisible = 0;
			defaultConfigurationName = Release;
		};
/* End XCConfigurationList section */
	};
	rootObject = 850A2DF02B8A0AC500B55076 /* Project object */;
}
